
Microsoft Visual Studio Solution File, Format Version 12.00
Project("{FAE04EC0-301F-11D3-BF4B-00C04F79EFBC}") = "CreoHub.Domain", "CreoHub.Domain\CreoHub.Domain.csproj", "{C2C9A14D-E29C-4424-964E-56FBBAA0AA40}"
EndProject
Project("{FAE04EC0-301F-11D3-BF4B-00C04F79EFBC}") = "CreoHub.Application", "CreoHub.Application\CreoHub.Application.csproj", "{737B1C51-CC30-476A-98A5-DEB9F72C9E20}"
EndProject
Global
	GlobalSection(SolutionConfigurationPlatforms) = preSolution
		Debug|Any CPU = Debug|Any CPU
		Release|Any CPU = Release|Any CPU
	EndGlobalSection
	GlobalSection(ProjectConfigurationPlatforms) = postSolution
		{C2C9A14D-E29C-4424-964E-56FBBAA0AA40}.Debug|Any CPU.ActiveCfg = Debug|Any CPU
		{C2C9A14D-E29C-4424-964E-56FBBAA0AA40}.Debug|Any CPU.Build.0 = Debug|Any CPU
		{C2C9A14D-E29C-4424-964E-56FBBAA0AA40}.Release|Any CPU.ActiveCfg = Release|Any CPU
		{C2C9A14D-E29C-4424-964E-56FBBAA0AA40}.Release|Any CPU.Build.0 = Release|Any CPU
		{737B1C51-CC30-476A-98A5-DEB9F72C9E20}.Debug|Any CPU.ActiveCfg = Debug|Any CPU
		{737B1C51-CC30-476A-98A5-DEB9F72C9E20}.Debug|Any CPU.Build.0 = Debug|Any CPU
		{737B1C51-CC30-476A-98A5-DEB9F72C9E20}.Release|Any CPU.ActiveCfg = Release|Any CPU
		{737B1C51-CC30-476A-98A5-DEB9F72C9E20}.Release|Any CPU.Build.0 = Release|Any CPU
	EndGlobalSection
EndGlobal
